// !$*UTF8*$!
{
	archiveVersion = 1;
	classes = {
	};
	objectVersion = 48;
	objects = {

/* Begin PBXBuildFile section */
		7F7CA31F22010E6E00ED2CBC /* AppDelegate.swift in Sources */ = {isa = PBXBuildFile; fileRef = 7F7CA31E22010E6E00ED2CBC /* AppDelegate.swift */; };
		7F7CA32122010E6E00ED2CBC /* ViewController.swift in Sources */ = {isa = PBXBuildFile; fileRef = 7F7CA32022010E6E00ED2CBC /* ViewController.swift */; };
		7F7CA32422010E6E00ED2CBC /* Main.storyboard in Resources */ = {isa = PBXBuildFile; fileRef = 7F7CA32222010E6E00ED2CBC /* Main.storyboard */; };
		7F7CA32622010E6E00ED2CBC /* Assets.xcassets in Resources */ = {isa = PBXBuildFile; fileRef = 7F7CA32522010E6E00ED2CBC /* Assets.xcassets */; };
		7F7CA32922010E6E00ED2CBC /* LaunchScreen.storyboard in Resources */ = {isa = PBXBuildFile; fileRef = 7F7CA32722010E6E00ED2CBC /* LaunchScreen.storyboard */; };
		7F7CA33422010E6E00ED2CBC /* HackwichTwoTests.swift in Sources */ = {isa = PBXBuildFile; fileRef = 7F7CA33322010E6E00ED2CBC /* HackwichTwoTests.swift */; };
		7F7CA33F22010E6E00ED2CBC /* HackwichTwoUITests.swift in Sources */ = {isa = PBXBuildFile; fileRef = 7F7CA33E22010E6E00ED2CBC /* HackwichTwoUITests.swift */; };
/* End PBXBuildFile section */

/* Begin PBXContainerItemProxy section */
		7F7CA33022010E6E00ED2CBC /* PBXContainerItemProxy */ = {
			isa = PBXContainerItemProxy;
			containerPortal = 7F7CA31322010E6E00ED2CBC /* Project object */;
			proxyType = 1;
			remoteGlobalIDString = 7F7CA31A22010E6E00ED2CBC;
			remoteInfo = HackwichTwo;
		};
		7F7CA33B22010E6E00ED2CBC /* PBXContainerItemProxy */ = {
			isa = PBXContainerItemProxy;
			containerPortal = 7F7CA31322010E6E00ED2CBC /* Project object */;
			proxyType = 1;
			remoteGlobalIDString = 7F7CA31A22010E6E00ED2CBC;
			remoteInfo = HackwichTwo;
		};
/* End PBXContainerItemProxy section */

/* Begin PBXFileReference section */
		7F7CA31B22010E6E00ED2CBC /* HackwichTwo.app */ = {isa = PBXFileReference; explicitFileType = wrapper.application; includeInIndex = 0; path = HackwichTwo.app; sourceTree = BUILT_PRODUCTS_DIR; };
		7F7CA31E22010E6E00ED2CBC /* AppDelegate.swift */ = {isa = PBXFileReference; lastKnownFileType = sourcecode.swift; path = AppDelegate.swift; sourceTree = "<group>"; };
		7F7CA32022010E6E00ED2CBC /* ViewController.swift */ = {isa = PBXFileReference; lastKnownFileType = sourcecode.swift; path = ViewController.swift; sourceTree = "<group>"; };
		7F7CA32322010E6E00ED2CBC /* Base */ = {isa = PBXFileReference; lastKnownFileType = file.storyboard; name = Base; path = Base.lproj/Main.storyboard; sourceTree = "<group>"; };
		7F7CA32522010E6E00ED2CBC /* Assets.xcassets */ = {isa = PBXFileReference; lastKnownFileType = folder.assetcatalog; path = Assets.xcassets; sourceTree = "<group>"; };
		7F7CA32822010E6E00ED2CBC /* Base */ = {isa = PBXFileReference; lastKnownFileType = file.storyboard; name = Base; path = Base.lproj/LaunchScreen.storyboard; sourceTree = "<group>"; };
		7F7CA32A22010E6E00ED2CBC /* Info.plist */ = {isa = PBXFileReference; lastKnownFileType = text.plist.xml; path = Info.plist; sourceTree = "<group>"; };
		7F7CA32F22010E6E00ED2CBC /* HackwichTwoTests.xctest */ = {isa = PBXFileReference; explicitFileType = wrapper.cfbundle; includeInIndex = 0; path = HackwichTwoTests.xctest; sourceTree = BUILT_PRODUCTS_DIR; };
		7F7CA33322010E6E00ED2CBC /* HackwichTwoTests.swift */ = {isa = PBXFileReference; lastKnownFileType = sourcecode.swift; path = HackwichTwoTests.swift; sourceTree = "<group>"; };
		7F7CA33522010E6E00ED2CBC /* Info.plist */ = {isa = PBXFileReference; lastKnownFileType = text.plist.xml; path = Info.plist; sourceTree = "<group>"; };
		7F7CA33A22010E6E00ED2CBC /* HackwichTwoUITests.xctest */ = {isa = PBXFileReference; explicitFileType = wrapper.cfbundle; includeInIndex = 0; path = HackwichTwoUITests.xctest; sourceTree = BUILT_PRODUCTS_DIR; };
		7F7CA33E22010E6E00ED2CBC /* HackwichTwoUITests.swift */ = {isa = PBXFileReference; lastKnownFileType = sourcecode.swift; path = HackwichTwoUITests.swift; sourceTree = "<group>"; };
		7F7CA34022010E6E00ED2CBC /* Info.plist */ = {isa = PBXFileReference; lastKnownFileType = text.plist.xml; path = Info.plist; sourceTree = "<group>"; };
/* End PBXFileReference section */

/* Begin PBXFrameworksBuildPhase section */
		7F7CA31822010E6E00ED2CBC /* Frameworks */ = {
			isa = PBXFrameworksBuildPhase;
			buildActionMask = 2147483647;
			files = (
			);
			runOnlyForDeploymentPostprocessing = 0;
		};
		7F7CA32C22010E6E00ED2CBC /* Frameworks */ = {
			isa = PBXFrameworksBuildPhase;
			buildActionMask = 2147483647;
			files = (
			);
			runOnlyForDeploymentPostprocessing = 0;
		};
		7F7CA33722010E6E00ED2CBC /* Frameworks */ = {
			isa = PBXFrameworksBuildPhase;
			buildActionMask = 2147483647;
			files = (
			);
			runOnlyForDeploymentPostprocessing = 0;
		};
/* End PBXFrameworksBuildPhase section */

/* Begin PBXGroup section */
		7F7CA31222010E6E00ED2CBC = {
			isa = PBXGroup;
			children = (
				7F7CA31D22010E6E00ED2CBC /* HackwichTwo */,
				7F7CA33222010E6E00ED2CBC /* HackwichTwoTests */,
				7F7CA33D22010E6E00ED2CBC /* HackwichTwoUITests */,
				7F7CA31C22010E6E00ED2CBC /* Products */,
			);
			sourceTree = "<group>";
		};
		7F7CA31C22010E6E00ED2CBC /* Products */ = {
			isa = PBXGroup;
			children = (
				7F7CA31B22010E6E00ED2CBC /* HackwichTwo.app */,
				7F7CA32F22010E6E00ED2CBC /* HackwichTwoTests.xctest */,
				7F7CA33A22010E6E00ED2CBC /* HackwichTwoUITests.xctest */,
			);
			name = Products;
			sourceTree = "<group>";
		};
		7F7CA31D22010E6E00ED2CBC /* HackwichTwo */ = {
			isa = PBXGroup;
			children = (
				7F7CA31E22010E6E00ED2CBC /* AppDelegate.swift */,
				7F7CA32022010E6E00ED2CBC /* ViewController.swift */,
				7F7CA32222010E6E00ED2CBC /* Main.storyboard */,
				7F7CA32522010E6E00ED2CBC /* Assets.xcassets */,
				7F7CA32722010E6E00ED2CBC /* LaunchScreen.storyboard */,
				7F7CA32A22010E6E00ED2CBC /* Info.plist */,
			);
			path = HackwichTwo;
			sourceTree = "<group>";
		};
		7F7CA33222010E6E00ED2CBC /* HackwichTwoTests */ = {
			isa = PBXGroup;
			children = (
				7F7CA33322010E6E00ED2CBC /* HackwichTwoTests.swift */,
				7F7CA33522010E6E00ED2CBC /* Info.plist */,
			);
			path = HackwichTwoTests;
			sourceTree = "<group>";
		};
		7F7CA33D22010E6E00ED2CBC /* HackwichTwoUITests */ = {
			isa = PBXGroup;
			children = (
				7F7CA33E22010E6E00ED2CBC /* HackwichTwoUITests.swift */,
				7F7CA34022010E6E00ED2CBC /* Info.plist */,
			);
			path = HackwichTwoUITests;
			sourceTree = "<group>";
		};
/* End PBXGroup section */

/* Begin PBXNativeTarget section */
		7F7CA31A22010E6E00ED2CBC /* HackwichTwo */ = {
			isa = PBXNativeTarget;
			buildConfigurationList = 7F7CA34322010E6E00ED2CBC /* Build configuration list for PBXNativeTarget "HackwichTwo" */;
			buildPhases = (
				7F7CA31722010E6E00ED2CBC /* Sources */,
				7F7CA31822010E6E00ED2CBC /* Frameworks */,
				7F7CA31922010E6E00ED2CBC /* Resources */,
			);
			buildRules = (
			);
			dependencies = (
			);
			name = HackwichTwo;
			productName = HackwichTwo;
			productReference = 7F7CA31B22010E6E00ED2CBC /* HackwichTwo.app */;
			productType = "com.apple.product-type.application";
		};
		7F7CA32E22010E6E00ED2CBC /* HackwichTwoTests */ = {
			isa = PBXNativeTarget;
			buildConfigurationList = 7F7CA34622010E6E00ED2CBC /* Build configuration list for PBXNativeTarget "HackwichTwoTests" */;
			buildPhases = (
				7F7CA32B22010E6E00ED2CBC /* Sources */,
				7F7CA32C22010E6E00ED2CBC /* Frameworks */,
				7F7CA32D22010E6E00ED2CBC /* Resources */,
			);
			buildRules = (
			);
			dependencies = (
				7F7CA33122010E6E00ED2CBC /* PBXTargetDependency */,
			);
			name = HackwichTwoTests;
			productName = HackwichTwoTests;
			productReference = 7F7CA32F22010E6E00ED2CBC /* HackwichTwoTests.xctest */;
			productType = "com.apple.product-type.bundle.unit-test";
		};
		7F7CA33922010E6E00ED2CBC /* HackwichTwoUITests */ = {
			isa = PBXNativeTarget;
			buildConfigurationList = 7F7CA34922010E6E00ED2CBC /* Build configuration list for PBXNativeTarget "HackwichTwoUITests" */;
			buildPhases = (
				7F7CA33622010E6E00ED2CBC /* Sources */,
				7F7CA33722010E6E00ED2CBC /* Frameworks */,
				7F7CA33822010E6E00ED2CBC /* Resources */,
			);
			buildRules = (
			);
			dependencies = (
				7F7CA33C22010E6E00ED2CBC /* PBXTargetDependency */,
			);
			name = HackwichTwoUITests;
			productName = HackwichTwoUITests;
			productReference = 7F7CA33A22010E6E00ED2CBC /* HackwichTwoUITests.xctest */;
			productType = "com.apple.product-type.bundle.ui-testing";
		};
/* End PBXNativeTarget section */

/* Begin PBXProject section */
		7F7CA31322010E6E00ED2CBC /* Project object */ = {
			isa = PBXProject;
			attributes = {
				LastSwiftUpdateCheck = 0920;
				LastUpgradeCheck = 0920;
				ORGANIZATIONNAME = UHWO.org;
				TargetAttributes = {
					7F7CA31A22010E6E00ED2CBC = {
						CreatedOnToolsVersion = 9.2;
						ProvisioningStyle = Automatic;
					};
					7F7CA32E22010E6E00ED2CBC = {
						CreatedOnToolsVersion = 9.2;
						ProvisioningStyle = Automatic;
						TestTargetID = 7F7CA31A22010E6E00ED2CBC;
					};
					7F7CA33922010E6E00ED2CBC = {
						CreatedOnToolsVersion = 9.2;
						ProvisioningStyle = Automatic;
						TestTargetID = 7F7CA31A22010E6E00ED2CBC;
					};
				};
			};
			buildConfigurationList = 7F7CA31622010E6E00ED2CBC /* Build configuration list for PBXProject "HackwichTwo" */;
			compatibilityVersion = "Xcode 8.0";
			developmentRegion = en;
			hasScannedForEncodings = 0;
			knownRegions = (
				en,
				Base,
			);
			mainGroup = 7F7CA31222010E6E00ED2CBC;
			productRefGroup = 7F7CA31C22010E6E00ED2CBC /* Products */;
			projectDirPath = "";
			projectRoot = "";
			targets = (
				7F7CA31A22010E6E00ED2CBC /* HackwichTwo */,
				7F7CA32E22010E6E00ED2CBC /* HackwichTwoTests */,
				7F7CA33922010E6E00ED2CBC /* HackwichTwoUITests */,
			);
		};
/* End PBXProject section */

/* Begin PBXResourcesBuildPhase section */
		7F7CA31922010E6E00ED2CBC /* Resources */ = {
			isa = PBXResourcesBuildPhase;
			buildActionMask = 2147483647;
			files = (
				7F7CA32922010E6E00ED2CBC /* LaunchScreen.storyboard in Resources */,
				7F7CA32622010E6E00ED2CBC /* Assets.xcassets in Resources */,
				7F7CA32422010E6E00ED2CBC /* Main.storyboard in Resources */,
			);
			runOnlyForDeploymentPostprocessing = 0;
		};
		7F7CA32D22010E6E00ED2CBC /* Resources */ = {
			isa = PBXResourcesBuildPhase;
			buildActionMask = 2147483647;
			files = (
			);
			runOnlyForDeploymentPostprocessing = 0;
		};
		7F7CA33822010E6E00ED2CBC /* Resources */ = {
			isa = PBXResourcesBuildPhase;
			buildActionMask = 2147483647;
			files = (
			);
			runOnlyForDeploymentPostprocessing = 0;
		};
/* End PBXResourcesBuildPhase section */

/* Begin PBXSourcesBuildPhase section */
		7F7CA31722010E6E00ED2CBC /* Sources */ = {
			isa = PBXSourcesBuildPhase;
			buildActionMask = 2147483647;
			files = (
				7F7CA32122010E6E00ED2CBC /* ViewController.swift in Sources */,
				7F7CA31F22010E6E00ED2CBC /* AppDelegate.swift in Sources */,
			);
			runOnlyForDeploymentPostprocessing = 0;
		};
		7F7CA32B22010E6E00ED2CBC /* Sources */ = {
			isa = PBXSourcesBuildPhase;
			buildActionMask = 2147483647;
			files = (
				7F7CA33422010E6E00ED2CBC /* HackwichTwoTests.swift in Sources */,
			);
			runOnlyForDeploymentPostprocessing = 0;
		};
		7F7CA33622010E6E00ED2CBC /* Sources */ = {
			isa = PBXSourcesBuildPhase;
			buildActionMask = 2147483647;
			files = (
				7F7CA33F22010E6E00ED2CBC /* HackwichTwoUITests.swift in Sources */,
			);
			runOnlyForDeploymentPostprocessing = 0;
		};
/* End PBXSourcesBuildPhase section */

/* Begin PBXTargetDependency section */
		7F7CA33122010E6E00ED2CBC /* PBXTargetDependency */ = {
			isa = PBXTargetDependency;
			target = 7F7CA31A22010E6E00ED2CBC /* HackwichTwo */;
			targetProxy = 7F7CA33022010E6E00ED2CBC /* PBXContainerItemProxy */;
		};
		7F7CA33C22010E6E00ED2CBC /* PBXTargetDependency */ = {
			isa = PBXTargetDependency;
			target = 7F7CA31A22010E6E00ED2CBC /* HackwichTwo */;
			targetProxy = 7F7CA33B22010E6E00ED2CBC /* PBXContainerItemProxy */;
		};
/* End PBXTargetDependency section */

/* Begin PBXVariantGroup section */
		7F7CA32222010E6E00ED2CBC /* Main.storyboard */ = {
			isa = PBXVariantGroup;
			children = (
				7F7CA32322010E6E00ED2CBC /* Base */,
			);
			name = Main.storyboard;
			sourceTree = "<group>";
		};
		7F7CA32722010E6E00ED2CBC /* LaunchScreen.storyboard */ = {
			isa = PBXVariantGroup;
			children = (
				7F7CA32822010E6E00ED2CBC /* Base */,
			);
			name = LaunchScreen.storyboard;
			sourceTree = "<group>";
		};
/* End PBXVariantGroup section */

/* Begin XCBuildConfiguration section */
		7F7CA34122010E6E00ED2CBC /* Debug */ = {
			isa = XCBuildConfiguration;
			buildSettings = {
				ALWAYS_SEARCH_USER_PATHS = NO;
				CLANG_ANALYZER_NONNULL = YES;
				CLANG_ANALYZER_NUMBER_OBJECT_CONVERSION = YES_AGGRESSIVE;
				CLANG_CXX_LANGUAGE_STANDARD = "gnu++14";
				CLANG_CXX_LIBRARY = "libc++";
				CLANG_ENABLE_MODULES = YES;
				CLANG_ENABLE_OBJC_ARC = YES;
				CLANG_WARN_BLOCK_CAPTURE_AUTORELEASING = YES;
				CLANG_WARN_BOOL_CONVERSION = YES;
				CLANG_WARN_COMMA = YES;
				CLANG_WARN_CONSTANT_CONVERSION = YES;
				CLANG_WARN_DIRECT_OBJC_ISA_USAGE = YES_ERROR;
				CLANG_WARN_DOCUMENTATION_COMMENTS = YES;
				CLANG_WARN_EMPTY_BODY = YES;
				CLANG_WARN_ENUM_CONVERSION = YES;
				CLANG_WARN_INFINITE_RECURSION = YES;
				CLANG_WARN_INT_CONVERSION = YES;
				CLANG_WARN_NON_LITERAL_NULL_CONVERSION = YES;
				CLANG_WARN_OBJC_LITERAL_CONVERSION = YES;
				CLANG_WARN_OBJC_ROOT_CLASS = YES_ERROR;
				CLANG_WARN_RANGE_LOOP_ANALYSIS = YES;
				CLANG_WARN_STRICT_PROTOTYPES = YES;
				CLANG_WARN_SUSPICIOUS_MOVE = YES;
				CLANG_WARN_UNGUARDED_AVAILABILITY = YES_AGGRESSIVE;
				CLANG_WARN_UNREACHABLE_CODE = YES;
				CLANG_WARN__DUPLICATE_METHOD_MATCH = YES;
				CODE_SIGN_IDENTITY = "iPhone Developer";
				COPY_PHASE_STRIP = NO;
				DEBUG_INFORMATION_FORMAT = dwarf;
				ENABLE_STRICT_OBJC_MSGSEND = YES;
				ENABLE_TESTABILITY = YES;
				GCC_C_LANGUAGE_STANDARD = gnu11;
				GCC_DYNAMIC_NO_PIC = NO;
				GCC_NO_COMMON_BLOCKS = YES;
				GCC_OPTIMIZATION_LEVEL = 0;
				GCC_PREPROCESSOR_DEFINITIONS = (
					"DEBUG=1",
					"$(inherited)",
				);
				GCC_WARN_64_TO_32_BIT_CONVERSION = YES;
				GCC_WARN_ABOUT_RETURN_TYPE = YES_ERROR;
				GCC_WARN_UNDECLARED_SELECTOR = YES;
				GCC_WARN_UNINITIALIZED_AUTOS = YES_AGGRESSIVE;
				GCC_WARN_UNUSED_FUNCTION = YES;
				GCC_WARN_UNUSED_VARIABLE = YES;
				IPHONEOS_DEPLOYMENT_TARGET = 11.2;
				MTL_ENABLE_DEBUG_INFO = YES;
				ONLY_ACTIVE_ARCH = YES;
				SDKROOT = iphoneos;
				SWIFT_ACTIVE_COMPILATION_CONDITIONS = DEBUG;
				SWIFT_OPTIMIZATION_LEVEL = "-Onone";
			};
			name = Debug;
		};
		7F7CA34222010E6E00ED2CBC /* Release */ = {
			isa = XCBuildConfiguration;
			buildSettings = {
				ALWAYS_SEARCH_USER_PATHS = NO;
				CLANG_ANALYZER_NONNULL = YES;
				CLANG_ANALYZER_NUMBER_OBJECT_CONVERSION = YES_AGGRESSIVE;
				CLANG_CXX_LANGUAGE_STANDARD = "gnu++14";
				CLANG_CXX_LIBRARY = "libc++";
				CLANG_ENABLE_MODULES = YES;
				CLANG_ENABLE_OBJC_ARC = YES;
				CLANG_WARN_BLOCK_CAPTURE_AUTORELEASING = YES;
				CLANG_WARN_BOOL_CONVERSION = YES;
				CLANG_WARN_COMMA = YES;
				CLANG_WARN_CONSTANT_CONVERSION = YES;
				CLANG_WARN_DIRECT_OBJC_ISA_USAGE = YES_ERROR;
				CLANG_WARN_DOCUMENTATION_COMMENTS = YES;
				CLANG_WARN_EMPTY_BODY = YES;
				CLANG_WARN_ENUM_CONVERSION = YES;
				CLANG_WARN_INFINITE_RECURSION = YES;
				CLANG_WARN_INT_CONVERSION = YES;
				CLANG_WARN_NON_LITERAL_NULL_CONVERSION = YES;
				CLANG_WARN_OBJC_LITERAL_CONVERSION = YES;
				CLANG_WARN_OBJC_ROOT_CLASS = YES_ERROR;
				CLANG_WARN_RANGE_LOOP_ANALYSIS = YES;
				CLANG_WARN_STRICT_PROTOTYPES = YES;
				CLANG_WARN_SUSPICIOUS_MOVE = YES;
				CLANG_WARN_UNGUARDED_AVAILABILITY = YES_AGGRESSIVE;
				CLANG_WARN_UNREACHABLE_CODE = YES;
				CLANG_WARN__DUPLICATE_METHOD_MATCH = YES;
				CODE_SIGN_IDENTITY = "iPhone Developer";
				COPY_PHASE_STRIP = NO;
				DEBUG_INFORMATION_FORMAT = "dwarf-with-dsym";
				ENABLE_NS_ASSERTIONS = NO;
				ENABLE_STRICT_OBJC_MSGSEND = YES;
				GCC_C_LANGUAGE_STANDARD = gnu11;
				GCC_NO_COMMON_BLOCKS = YES;
				GCC_WARN_64_TO_32_BIT_CONVERSION = YES;
				GCC_WARN_ABOUT_RETURN_TYPE = YES_ERROR;
				GCC_WARN_UNDECLARED_SELECTOR = YES;
				GCC_WARN_UNINITIALIZED_AUTOS = YES_AGGRESSIVE;
				GCC_WARN_UNUSED_FUNCTION = YES;
				GCC_WARN_UNUSED_VARIABLE = YES;
				IPHONEOS_DEPLOYMENT_TARGET = 11.2;
				MTL_ENABLE_DEBUG_INFO = NO;
				SDKROOT = iphoneos;
				SWIFT_OPTIMIZATION_LEVEL = "-Owholemodule";
				VALIDATE_PRODUCT = YES;
			};
			name = Release;
		};
		7F7CA34422010E6E00ED2CBC /* Debug */ = {
			isa = XCBuildConfiguration;
			buildSettings = {
				ASSETCATALOG_COMPILER_APPICON_NAME = AppIcon;
				CODE_SIGN_STYLE = Automatic;
				DEVELOPMENT_TEAM = W8M95NPX9F;
				INFOPLIST_FILE = HackwichTwo/Info.plist;
				LD_RUNPATH_SEARCH_PATHS = "$(inherited) @executable_path/Frameworks";
				PRODUCT_BUNDLE_IDENTIFIER = UHWO.org.HackwichTwo;
				PRODUCT_NAME = "$(TARGET_NAME)";
				SWIFT_VERSION = 4.0;
				TARGETED_DEVICE_FAMILY = "1,2";
			};
			name = Debug;
		};
		7F7CA34522010E6E00ED2CBC /* Release */ = {
			isa = XCBuildConfiguration;
			buildSettings = {
				ASSETCATALOG_COMPILER_APPICON_NAME = AppIcon;
				CODE_SIGN_STYLE = Automatic;
				DEVELOPMENT_TEAM = W8M95NPX9F;
				INFOPLIST_FILE = HackwichTwo/Info.plist;
				LD_RUNPATH_SEARCH_PATHS = "$(inherited) @executable_path/Frameworks";
				PRODUCT_BUNDLE_IDENTIFIER = UHWO.org.HackwichTwo;
				PRODUCT_NAME = "$(TARGET_NAME)";
				SWIFT_VERSION = 4.0;
				TARGETED_DEVICE_FAMILY = "1,2";
			};
			name = Release;
		};
		7F7CA34722010E6E00ED2CBC /* Debug */ = {
			isa = XCBuildConfiguration;
			buildSettings = {
				ALWAYS_EMBED_SWIFT_STANDARD_LIBRARIES = YES;
				BUNDLE_LOADER = "$(TEST_HOST)";
				CODE_SIGN_STYLE = Automatic;
				DEVELOPMENT_TEAM = W8M95NPX9F;
				INFOPLIST_FILE = HackwichTwoTests/Info.plist;
				LD_RUNPATH_SEARCH_PATHS = "$(inherited) @executable_path/Frameworks @loader_path/Frameworks";
				PRODUCT_BUNDLE_IDENTIFIER = UHWO.org.HackwichTwoTests;
				PRODUCT_NAME = "$(TARGET_NAME)";
				SWIFT_VERSION = 4.0;
				TARGETED_DEVICE_FAMILY = "1,2";
				TEST_HOST = "$(BUILT_PRODUCTS_DIR)/HackwichTwo.app/HackwichTwo";
			};
			name = Debug;
		};
		7F7CA34822010E6E00ED2CBC /* Release */ = {
			isa = XCBuildConfiguration;
			buildSettings = {
				ALWAYS_EMBED_SWIFT_STANDARD_LIBRARIES = YES;
				BUNDLE_LOADER = "$(TEST_HOST)";
				CODE_SIGN_STYLE = Automatic;
				DEVELOPMENT_TEAM = W8M95NPX9F;
				INFOPLIST_FILE = HackwichTwoTests/Info.plist;
				LD_RUNPATH_SEARCH_PATHS = "$(inherited) @executable_path/Frameworks @loader_path/Frameworks";
				PRODUCT_BUNDLE_IDENTIFIER = UHWO.org.HackwichTwoTests;
				PRODUCT_NAME = "$(TARGET_NAME)";
				SWIFT_VERSION = 4.0;
				TARGETED_DEVICE_FAMILY = "1,2";
				TEST_HOST = "$(BUILT_PRODUCTS_DIR)/HackwichTwo.app/HackwichTwo";
			};
			name = Release;
		};
		7F7CA34A22010E6E00ED2CBC /* Debug */ = {
			isa = XCBuildConfiguration;
			buildSettings = {
				ALWAYS_EMBED_SWIFT_STANDARD_LIBRARIES = YES;
				CODE_SIGN_STYLE = Automatic;
				DEVELOPMENT_TEAM = W8M95NPX9F;
				INFOPLIST_FILE = HackwichTwoUITests/Info.plist;
				LD_RUNPATH_SEARCH_PATHS = "$(inherited) @executable_path/Frameworks @loader_path/Frameworks";
				PRODUCT_BUNDLE_IDENTIFIER = UHWO.org.HackwichTwoUITests;
				PRODUCT_NAME = "$(TARGET_NAME)";
				SWIFT_VERSION = 4.0;
				TARGETED_DEVICE_FAMILY = "1,2";
				TEST_TARGET_NAME = HackwichTwo;
			};
			name = Debug;
		};
		7F7CA34B22010E6E00ED2CBC /* Release */ = {
			isa = XCBuildConfiguration;
			buildSettings = {
				ALWAYS_EMBED_SWIFT_STANDARD_LIBRARIES = YES;
				CODE_SIGN_STYLE = Automatic;
				DEVELOPMENT_TEAM = W8M95NPX9F;
				INFOPLIST_FILE = HackwichTwoUITests/Info.plist;
				LD_RUNPATH_SEARCH_PATHS = "$(inherited) @executable_path/Frameworks @loader_path/Frameworks";
				PRODUCT_BUNDLE_IDENTIFIER = UHWO.org.HackwichTwoUITests;
				PRODUCT_NAME = "$(TARGET_NAME)";
				SWIFT_VERSION = 4.0;
				TARGETED_DEVICE_FAMILY = "1,2";
				TEST_TARGET_NAME = HackwichTwo;
			};
			name = Release;
		};
/* End XCBuildConfiguration section */

/* Begin XCConfigurationList section */
		7F7CA31622010E6E00ED2CBC /* Build configuration list for PBXProject "HackwichTwo" */ = {
			isa = XCConfigurationList;
			buildConfigurations = (
				7F7CA34122010E6E00ED2CBC /* Debug */,
				7F7CA34222010E6E00ED2CBC /* Release */,
			);
			defaultConfigurationIsVisible = 0;
			defaultConfigurationName = Release;
		};
		7F7CA34322010E6E00ED2CBC /* Build configuration list for PBXNativeTarget "HackwichTwo" */ = {
			isa = XCConfigurationList;
			buildConfigurations = (
				7F7CA34422010E6E00ED2CBC /* Debug */,
				7F7CA34522010E6E00ED2CBC /* Release */,
			);
			defaultConfigurationIsVisible = 0;
			defaultConfigurationName = Release;
		};
		7F7CA34622010E6E00ED2CBC /* Build configuration list for PBXNativeTarget "HackwichTwoTests" */ = {
			isa = XCConfigurationList;
			buildConfigurations = (
				7F7CA34722010E6E00ED2CBC /* Debug */,
				7F7CA34822010E6E00ED2CBC /* Release */,
			);
			defaultConfigurationIsVisible = 0;
			defaultConfigurationName = Release;
		};
		7F7CA34922010E6E00ED2CBC /* Build configuration list for PBXNativeTarget "HackwichTwoUITests" */ = {
			isa = XCConfigurationList;
			buildConfigurations = (
				7F7CA34A22010E6E00ED2CBC /* Debug */,
				7F7CA34B22010E6E00ED2CBC /* Release */,
			);
			defaultConfigurationIsVisible = 0;
			defaultConfigurationName = Release;
		};
/* End XCConfigurationList section */
	};
	rootObject = 7F7CA31322010E6E00ED2CBC /* Project object */;
}
